// !$*UTF8*$!
{
	archiveVersion = 1;
	classes = {
	};
	objectVersion = 46;
	objects = {

/* Begin PBXBuildFile section */
		810FDE091894F8F700E82F35 /* Foundation.framework in Frameworks */ = {isa = PBXBuildFile; fileRef = 810FDE081894F8F700E82F35 /* Foundation.framework */; };
		810FDE0B1894F8F700E82F35 /* CoreGraphics.framework in Frameworks */ = {isa = PBXBuildFile; fileRef = 810FDE0A1894F8F700E82F35 /* CoreGraphics.framework */; };
		810FDE0D1894F8F700E82F35 /* UIKit.framework in Frameworks */ = {isa = PBXBuildFile; fileRef = 810FDE0C1894F8F700E82F35 /* UIKit.framework */; };
		810FDE131894F8F700E82F35 /* InfoPlist.strings in Resources */ = {isa = PBXBuildFile; fileRef = 810FDE111894F8F700E82F35 /* InfoPlist.strings */; };
		810FDE151894F8F700E82F35 /* main.m in Sources */ = {isa = PBXBuildFile; fileRef = 810FDE141894F8F700E82F35 /* main.m */; };
		810FDE191894F8F700E82F35 /* FPAppDelegate.m in Sources */ = {isa = PBXBuildFile; fileRef = 810FDE181894F8F700E82F35 /* FPAppDelegate.m */; };
		810FDE211894F8F800E82F35 /* Images.xcassets in Resources */ = {isa = PBXBuildFile; fileRef = 810FDE201894F8F700E82F35 /* Images.xcassets */; };
		810FDE281894F8F800E82F35 /* XCTest.framework in Frameworks */ = {isa = PBXBuildFile; fileRef = 810FDE271894F8F800E82F35 /* XCTest.framework */; };
		810FDE291894F8F800E82F35 /* Foundation.framework in Frameworks */ = {isa = PBXBuildFile; fileRef = 810FDE081894F8F700E82F35 /* Foundation.framework */; };
		810FDE2A1894F8F800E82F35 /* UIKit.framework in Frameworks */ = {isa = PBXBuildFile; fileRef = 810FDE0C1894F8F700E82F35 /* UIKit.framework */; };
		810FDE321894F8F800E82F35 /* InfoPlist.strings in Resources */ = {isa = PBXBuildFile; fileRef = 810FDE301894F8F800E82F35 /* InfoPlist.strings */; };
		810FDE341894F8F800E82F35 /* FPBrandColorTests.m in Sources */ = {isa = PBXBuildFile; fileRef = 810FDE331894F8F800E82F35 /* FPBrandColorTests.m */; };
		810FDE401894F9B400E82F35 /* UIColor+FPBrandColor.m in Sources */ = {isa = PBXBuildFile; fileRef = 810FDE3F1894F9B400E82F35 /* UIColor+FPBrandColor.m */; };
		810FDE431894FF8700E82F35 /* FPColorViewController.m in Sources */ = {isa = PBXBuildFile; fileRef = 810FDE421894FF8700E82F35 /* FPColorViewController.m */; };
		810FDE46189503AC00E82F35 /* FPColorCell.m in Sources */ = {isa = PBXBuildFile; fileRef = 810FDE45189503AC00E82F35 /* FPColorCell.m */; };
		810FDE481895073D00E82F35 /* QuartzCore.framework in Frameworks */ = {isa = PBXBuildFile; fileRef = 810FDE471895073D00E82F35 /* QuartzCore.framework */; };
		810FDE4E18952DAF00E82F35 /* CRNavigationBar.m in Sources */ = {isa = PBXBuildFile; fileRef = 810FDE4B18952DAF00E82F35 /* CRNavigationBar.m */; };
		810FDE4F18952DAF00E82F35 /* CRNavigationController.m in Sources */ = {isa = PBXBuildFile; fileRef = 810FDE4D18952DAF00E82F35 /* CRNavigationController.m */; };
		810FDE521895315900E82F35 /* brandLogo@2x.png in Resources */ = {isa = PBXBuildFile; fileRef = 810FDE501895315900E82F35 /* brandLogo@2x.png */; };
		810FDE531895315900E82F35 /* brandLogo.png in Resources */ = {isa = PBXBuildFile; fileRef = 810FDE511895315900E82F35 /* brandLogo.png */; };
		810FDE571895567000E82F35 /* FPBrandColor.podspec in Resources */ = {isa = PBXBuildFile; fileRef = 810FDE561895567000E82F35 /* FPBrandColor.podspec */; };
/* End PBXBuildFile section */

/* Begin PBXContainerItemProxy section */
		810FDE2B1894F8F800E82F35 /* PBXContainerItemProxy */ = {
			isa = PBXContainerItemProxy;
			containerPortal = 810FDDFD1894F8F700E82F35 /* Project object */;
			proxyType = 1;
			remoteGlobalIDString = 810FDE041894F8F700E82F35;
			remoteInfo = FPBrandColor;
		};
/* End PBXContainerItemProxy section */

/* Begin PBXFileReference section */
		810FDE051894F8F700E82F35 /* FPBrandColor.app */ = {isa = PBXFileReference; explicitFileType = wrapper.application; includeInIndex = 0; path = FPBrandColor.app; sourceTree = BUILT_PRODUCTS_DIR; };
		810FDE081894F8F700E82F35 /* Foundation.framework */ = {isa = PBXFileReference; lastKnownFileType = wrapper.framework; name = Foundation.framework; path = System/Library/Frameworks/Foundation.framework; sourceTree = SDKROOT; };
		810FDE0A1894F8F700E82F35 /* CoreGraphics.framework */ = {isa = PBXFileReference; lastKnownFileType = wrapper.framework; name = CoreGraphics.framework; path = System/Library/Frameworks/CoreGraphics.framework; sourceTree = SDKROOT; };
		810FDE0C1894F8F700E82F35 /* UIKit.framework */ = {isa = PBXFileReference; lastKnownFileType = wrapper.framework; name = UIKit.framework; path = System/Library/Frameworks/UIKit.framework; sourceTree = SDKROOT; };
		810FDE101894F8F700E82F35 /* FPBrandColor-Info.plist */ = {isa = PBXFileReference; lastKnownFileType = text.plist.xml; path = "FPBrandColor-Info.plist"; sourceTree = "<group>"; };
		810FDE121894F8F700E82F35 /* en */ = {isa = PBXFileReference; lastKnownFileType = text.plist.strings; name = en; path = en.lproj/InfoPlist.strings; sourceTree = "<group>"; };
		810FDE141894F8F700E82F35 /* main.m */ = {isa = PBXFileReference; lastKnownFileType = sourcecode.c.objc; path = main.m; sourceTree = "<group>"; };
		810FDE161894F8F700E82F35 /* FPBrandColor-Prefix.pch */ = {isa = PBXFileReference; lastKnownFileType = sourcecode.c.h; path = "FPBrandColor-Prefix.pch"; sourceTree = "<group>"; };
		810FDE171894F8F700E82F35 /* FPAppDelegate.h */ = {isa = PBXFileReference; lastKnownFileType = sourcecode.c.h; path = FPAppDelegate.h; sourceTree = "<group>"; };
		810FDE181894F8F700E82F35 /* FPAppDelegate.m */ = {isa = PBXFileReference; lastKnownFileType = sourcecode.c.objc; path = FPAppDelegate.m; sourceTree = "<group>"; };
		810FDE201894F8F700E82F35 /* Images.xcassets */ = {isa = PBXFileReference; lastKnownFileType = folder.assetcatalog; path = Images.xcassets; sourceTree = "<group>"; };
		810FDE261894F8F800E82F35 /* FPBrandColorTests.xctest */ = {isa = PBXFileReference; explicitFileType = wrapper.cfbundle; includeInIndex = 0; path = FPBrandColorTests.xctest; sourceTree = BUILT_PRODUCTS_DIR; };
		810FDE271894F8F800E82F35 /* XCTest.framework */ = {isa = PBXFileReference; lastKnownFileType = wrapper.framework; name = XCTest.framework; path = Library/Frameworks/XCTest.framework; sourceTree = DEVELOPER_DIR; };
		810FDE2F1894F8F800E82F35 /* FPBrandColorTests-Info.plist */ = {isa = PBXFileReference; lastKnownFileType = text.plist.xml; path = "FPBrandColorTests-Info.plist"; sourceTree = "<group>"; };
		810FDE311894F8F800E82F35 /* en */ = {isa = PBXFileReference; lastKnownFileType = text.plist.strings; name = en; path = en.lproj/InfoPlist.strings; sourceTree = "<group>"; };
		810FDE331894F8F800E82F35 /* FPBrandColorTests.m */ = {isa = PBXFileReference; lastKnownFileType = sourcecode.c.objc; path = FPBrandColorTests.m; sourceTree = "<group>"; };
		810FDE3E1894F9B400E82F35 /* UIColor+FPBrandColor.h */ = {isa = PBXFileReference; fileEncoding = 4; lastKnownFileType = sourcecode.c.h; path = "UIColor+FPBrandColor.h"; sourceTree = "<group>"; };
		810FDE3F1894F9B400E82F35 /* UIColor+FPBrandColor.m */ = {isa = PBXFileReference; fileEncoding = 4; lastKnownFileType = sourcecode.c.objc; path = "UIColor+FPBrandColor.m"; sourceTree = "<group>"; };
		810FDE411894FF8700E82F35 /* FPColorViewController.h */ = {isa = PBXFileReference; fileEncoding = 4; lastKnownFileType = sourcecode.c.h; path = FPColorViewController.h; sourceTree = "<group>"; };
		810FDE421894FF8700E82F35 /* FPColorViewController.m */ = {isa = PBXFileReference; fileEncoding = 4; lastKnownFileType = sourcecode.c.objc; path = FPColorViewController.m; sourceTree = "<group>"; };
		810FDE44189503AC00E82F35 /* FPColorCell.h */ = {isa = PBXFileReference; fileEncoding = 4; lastKnownFileType = sourcecode.c.h; path = FPColorCell.h; sourceTree = "<group>"; };
		810FDE45189503AC00E82F35 /* FPColorCell.m */ = {isa = PBXFileReference; fileEncoding = 4; lastKnownFileType = sourcecode.c.objc; path = FPColorCell.m; sourceTree = "<group>"; };
		810FDE471895073D00E82F35 /* QuartzCore.framework */ = {isa = PBXFileReference; lastKnownFileType = wrapper.framework; name = QuartzCore.framework; path = System/Library/Frameworks/QuartzCore.framework; sourceTree = SDKROOT; };
		810FDE4A18952DAF00E82F35 /* CRNavigationBar.h */ = {isa = PBXFileReference; fileEncoding = 4; lastKnownFileType = sourcecode.c.h; path = CRNavigationBar.h; sourceTree = "<group>"; };
		810FDE4B18952DAF00E82F35 /* CRNavigationBar.m */ = {isa = PBXFileReference; fileEncoding = 4; lastKnownFileType = sourcecode.c.objc; path = CRNavigationBar.m; sourceTree = "<group>"; };
		810FDE4C18952DAF00E82F35 /* CRNavigationController.h */ = {isa = PBXFileReference; fileEncoding = 4; lastKnownFileType = sourcecode.c.h; path = CRNavigationController.h; sourceTree = "<group>"; };
		810FDE4D18952DAF00E82F35 /* CRNavigationController.m */ = {isa = PBXFileReference; fileEncoding = 4; lastKnownFileType = sourcecode.c.objc; path = CRNavigationController.m; sourceTree = "<group>"; };
		810FDE501895315900E82F35 /* brandLogo@2x.png */ = {isa = PBXFileReference; lastKnownFileType = image.png; path = "brandLogo@2x.png"; sourceTree = "<group>"; };
		810FDE511895315900E82F35 /* brandLogo.png */ = {isa = PBXFileReference; lastKnownFileType = image.png; path = brandLogo.png; sourceTree = "<group>"; };
		810FDE561895567000E82F35 /* FPBrandColor.podspec */ = {isa = PBXFileReference; fileEncoding = 4; lastKnownFileType = text; path = FPBrandColor.podspec; sourceTree = "<group>"; };
/* End PBXFileReference section */

/* Begin PBXFrameworksBuildPhase section */
		810FDE021894F8F700E82F35 /* Frameworks */ = {
			isa = PBXFrameworksBuildPhase;
			buildActionMask = 2147483647;
			files = (
				810FDE481895073D00E82F35 /* QuartzCore.framework in Frameworks */,
				810FDE0B1894F8F700E82F35 /* CoreGraphics.framework in Frameworks */,
				810FDE0D1894F8F700E82F35 /* UIKit.framework in Frameworks */,
				810FDE091894F8F700E82F35 /* Foundation.framework in Frameworks */,
			);
			runOnlyForDeploymentPostprocessing = 0;
		};
		810FDE231894F8F800E82F35 /* Frameworks */ = {
			isa = PBXFrameworksBuildPhase;
			buildActionMask = 2147483647;
			files = (
				810FDE281894F8F800E82F35 /* XCTest.framework in Frameworks */,
				810FDE2A1894F8F800E82F35 /* UIKit.framework in Frameworks */,
				810FDE291894F8F800E82F35 /* Foundation.framework in Frameworks */,
			);
			runOnlyForDeploymentPostprocessing = 0;
		};
/* End PBXFrameworksBuildPhase section */

/* Begin PBXGroup section */
		810FDDFC1894F8F700E82F35 = {
			isa = PBXGroup;
			children = (
				810FDE561895567000E82F35 /* FPBrandColor.podspec */,
				810FDE3D1894F97500E82F35 /* FPBrandColor */,
				810FDE0E1894F8F700E82F35 /* FPBrandColorDemo */,
				810FDE2D1894F8F800E82F35 /* FPBrandColorTests */,
				810FDE071894F8F700E82F35 /* Frameworks */,
				810FDE061894F8F700E82F35 /* Products */,
			);
			sourceTree = "<group>";
		};
		810FDE061894F8F700E82F35 /* Products */ = {
			isa = PBXGroup;
			children = (
				810FDE051894F8F700E82F35 /* FPBrandColor.app */,
				810FDE261894F8F800E82F35 /* FPBrandColorTests.xctest */,
			);
			name = Products;
			sourceTree = "<group>";
		};
		810FDE071894F8F700E82F35 /* Frameworks */ = {
			isa = PBXGroup;
			children = (
				810FDE471895073D00E82F35 /* QuartzCore.framework */,
				810FDE081894F8F700E82F35 /* Foundation.framework */,
				810FDE0A1894F8F700E82F35 /* CoreGraphics.framework */,
				810FDE0C1894F8F700E82F35 /* UIKit.framework */,
				810FDE271894F8F800E82F35 /* XCTest.framework */,
			);
			name = Frameworks;
			sourceTree = "<group>";
		};
		810FDE0E1894F8F700E82F35 /* FPBrandColorDemo */ = {
			isa = PBXGroup;
			children = (
				810FDE4918952DAF00E82F35 /* CRNavigationController */,
				810FDE171894F8F700E82F35 /* FPAppDelegate.h */,
				810FDE181894F8F700E82F35 /* FPAppDelegate.m */,
				810FDE411894FF8700E82F35 /* FPColorViewController.h */,
				810FDE421894FF8700E82F35 /* FPColorViewController.m */,
				810FDE0F1894F8F700E82F35 /* Supporting Files */,
				810FDE44189503AC00E82F35 /* FPColorCell.h */,
				810FDE45189503AC00E82F35 /* FPColorCell.m */,
			);
			path = FPBrandColorDemo;
			sourceTree = "<group>";
		};
		810FDE0F1894F8F700E82F35 /* Supporting Files */ = {
			isa = PBXGroup;
			children = (
				810FDE501895315900E82F35 /* brandLogo@2x.png */,
				810FDE511895315900E82F35 /* brandLogo.png */,
				810FDE201894F8F700E82F35 /* Images.xcassets */,
				810FDE101894F8F700E82F35 /* FPBrandColor-Info.plist */,
				810FDE111894F8F700E82F35 /* InfoPlist.strings */,
				810FDE141894F8F700E82F35 /* main.m */,
				810FDE161894F8F700E82F35 /* FPBrandColor-Prefix.pch */,
			);
			name = "Supporting Files";
			sourceTree = "<group>";
		};
		810FDE2D1894F8F800E82F35 /* FPBrandColorTests */ = {
			isa = PBXGroup;
			children = (
				810FDE331894F8F800E82F35 /* FPBrandColorTests.m */,
				810FDE2E1894F8F800E82F35 /* Supporting Files */,
			);
			path = FPBrandColorTests;
			sourceTree = "<group>";
		};
		810FDE2E1894F8F800E82F35 /* Supporting Files */ = {
			isa = PBXGroup;
			children = (
				810FDE2F1894F8F800E82F35 /* FPBrandColorTests-Info.plist */,
				810FDE301894F8F800E82F35 /* InfoPlist.strings */,
			);
			name = "Supporting Files";
			sourceTree = "<group>";
		};
		810FDE3D1894F97500E82F35 /* FPBrandColor */ = {
			isa = PBXGroup;
			children = (
				810FDE3E1894F9B400E82F35 /* UIColor+FPBrandColor.h */,
				810FDE3F1894F9B400E82F35 /* UIColor+FPBrandColor.m */,
			);
			path = FPBrandColor;
			sourceTree = "<group>";
		};
		810FDE4918952DAF00E82F35 /* CRNavigationController */ = {
			isa = PBXGroup;
			children = (
				810FDE4A18952DAF00E82F35 /* CRNavigationBar.h */,
				810FDE4B18952DAF00E82F35 /* CRNavigationBar.m */,
				810FDE4C18952DAF00E82F35 /* CRNavigationController.h */,
				810FDE4D18952DAF00E82F35 /* CRNavigationController.m */,
			);
			path = CRNavigationController;
			sourceTree = "<group>";
		};
/* End PBXGroup section */

/* Begin PBXNativeTarget section */
		810FDE041894F8F700E82F35 /* FPBrandColor */ = {
			isa = PBXNativeTarget;
			buildConfigurationList = 810FDE371894F8F800E82F35 /* Build configuration list for PBXNativeTarget "FPBrandColor" */;
			buildPhases = (
				810FDE011894F8F700E82F35 /* Sources */,
				810FDE021894F8F700E82F35 /* Frameworks */,
				810FDE031894F8F700E82F35 /* Resources */,
			);
			buildRules = (
			);
			dependencies = (
			);
			name = FPBrandColor;
			productName = FPBrandColor;
			productReference = 810FDE051894F8F700E82F35 /* FPBrandColor.app */;
			productType = "com.apple.product-type.application";
		};
		810FDE251894F8F800E82F35 /* FPBrandColorTests */ = {
			isa = PBXNativeTarget;
			buildConfigurationList = 810FDE3A1894F8F800E82F35 /* Build configuration list for PBXNativeTarget "FPBrandColorTests" */;
			buildPhases = (
				810FDE221894F8F800E82F35 /* Sources */,
				810FDE231894F8F800E82F35 /* Frameworks */,
				810FDE241894F8F800E82F35 /* Resources */,
			);
			buildRules = (
			);
			dependencies = (
				810FDE2C1894F8F800E82F35 /* PBXTargetDependency */,
			);
			name = FPBrandColorTests;
			productName = FPBrandColorTests;
			productReference = 810FDE261894F8F800E82F35 /* FPBrandColorTests.xctest */;
			productType = "com.apple.product-type.bundle.unit-test";
		};
/* End PBXNativeTarget section */

/* Begin PBXProject section */
		810FDDFD1894F8F700E82F35 /* Project object */ = {
			isa = PBXProject;
			attributes = {
				CLASSPREFIX = FP;
				LastUpgradeCheck = 0500;
				ORGANIZATIONNAME = "Faprica LTD";
				TargetAttributes = {
					810FDE251894F8F800E82F35 = {
						TestTargetID = 810FDE041894F8F700E82F35;
					};
				};
			};
			buildConfigurationList = 810FDE001894F8F700E82F35 /* Build configuration list for PBXProject "FPBrandColor" */;
			compatibilityVersion = "Xcode 3.2";
			developmentRegion = English;
			hasScannedForEncodings = 0;
			knownRegions = (
				en,
				Base,
			);
			mainGroup = 810FDDFC1894F8F700E82F35;
			productRefGroup = 810FDE061894F8F700E82F35 /* Products */;
			projectDirPath = "";
			projectRoot = "";
			targets = (
				810FDE041894F8F700E82F35 /* FPBrandColor */,
				810FDE251894F8F800E82F35 /* FPBrandColorTests */,
			);
		};
/* End PBXProject section */

/* Begin PBXResourcesBuildPhase section */
		810FDE031894F8F700E82F35 /* Resources */ = {
			isa = PBXResourcesBuildPhase;
			buildActionMask = 2147483647;
			files = (
				810FDE531895315900E82F35 /* brandLogo.png in Resources */,
				810FDE521895315900E82F35 /* brandLogo@2x.png in Resources */,
				810FDE211894F8F800E82F35 /* Images.xcassets in Resources */,
				810FDE131894F8F700E82F35 /* InfoPlist.strings in Resources */,
				810FDE571895567000E82F35 /* FPBrandColor.podspec in Resources */,
			);
			runOnlyForDeploymentPostprocessing = 0;
		};
		810FDE241894F8F800E82F35 /* Resources */ = {
			isa = PBXResourcesBuildPhase;
			buildActionMask = 2147483647;
			files = (
				810FDE321894F8F800E82F35 /* InfoPlist.strings in Resources */,
			);
			runOnlyForDeploymentPostprocessing = 0;
		};
/* End PBXResourcesBuildPhase section */

/* Begin PBXSourcesBuildPhase section */
		810FDE011894F8F700E82F35 /* Sources */ = {
			isa = PBXSourcesBuildPhase;
			buildActionMask = 2147483647;
			files = (
				810FDE4F18952DAF00E82F35 /* CRNavigationController.m in Sources */,
				810FDE191894F8F700E82F35 /* FPAppDelegate.m in Sources */,
				810FDE401894F9B400E82F35 /* UIColor+FPBrandColor.m in Sources */,
				810FDE4E18952DAF00E82F35 /* CRNavigationBar.m in Sources */,
				810FDE46189503AC00E82F35 /* FPColorCell.m in Sources */,
				810FDE431894FF8700E82F35 /* FPColorViewController.m in Sources */,
				810FDE151894F8F700E82F35 /* main.m in Sources */,
			);
			runOnlyForDeploymentPostprocessing = 0;
		};
		810FDE221894F8F800E82F35 /* Sources */ = {
			isa = PBXSourcesBuildPhase;
			buildActionMask = 2147483647;
			files = (
				810FDE341894F8F800E82F35 /* FPBrandColorTests.m in Sources */,
			);
			runOnlyForDeploymentPostprocessing = 0;
		};
/* End PBXSourcesBuildPhase section */

/* Begin PBXTargetDependency section */
		810FDE2C1894F8F800E82F35 /* PBXTargetDependency */ = {
			isa = PBXTargetDependency;
			target = 810FDE041894F8F700E82F35 /* FPBrandColor */;
			targetProxy = 810FDE2B1894F8F800E82F35 /* PBXContainerItemProxy */;
		};
/* End PBXTargetDependency section */

/* Begin PBXVariantGroup section */
		810FDE111894F8F700E82F35 /* InfoPlist.strings */ = {
			isa = PBXVariantGroup;
			children = (
				810FDE121894F8F700E82F35 /* en */,
			);
			name = InfoPlist.strings;
			sourceTree = "<group>";
		};
		810FDE301894F8F800E82F35 /* InfoPlist.strings */ = {
			isa = PBXVariantGroup;
			children = (
				810FDE311894F8F800E82F35 /* en */,
			);
			name = InfoPlist.strings;
			sourceTree = "<group>";
		};
/* End PBXVariantGroup section */

/* Begin XCBuildConfiguration section */
		810FDE351894F8F800E82F35 /* Debug */ = {
			isa = XCBuildConfiguration;
			buildSettings = {
				ALWAYS_SEARCH_USER_PATHS = NO;
				ARCHS = "$(ARCHS_STANDARD_INCLUDING_64_BIT)";
				CLANG_CXX_LANGUAGE_STANDARD = "gnu++0x";
				CLANG_CXX_LIBRARY = "libc++";
				CLANG_ENABLE_MODULES = YES;
				CLANG_ENABLE_OBJC_ARC = YES;
				CLANG_WARN_BOOL_CONVERSION = YES;
				CLANG_WARN_CONSTANT_CONVERSION = YES;
				CLANG_WARN_DIRECT_OBJC_ISA_USAGE = YES_ERROR;
				CLANG_WARN_EMPTY_BODY = YES;
				CLANG_WARN_ENUM_CONVERSION = YES;
				CLANG_WARN_INT_CONVERSION = YES;
				CLANG_WARN_OBJC_ROOT_CLASS = YES_ERROR;
				CLANG_WARN__DUPLICATE_METHOD_MATCH = YES;
				"CODE_SIGN_IDENTITY[sdk=iphoneos*]" = "iPhone Developer";
				COPY_PHASE_STRIP = NO;
				GCC_C_LANGUAGE_STANDARD = gnu99;
				GCC_DYNAMIC_NO_PIC = NO;
				GCC_OPTIMIZATION_LEVEL = 0;
				GCC_PREPROCESSOR_DEFINITIONS = (
					"DEBUG=1",
					"$(inherited)",
				);
				GCC_SYMBOLS_PRIVATE_EXTERN = NO;
				GCC_WARN_64_TO_32_BIT_CONVERSION = YES;
				GCC_WARN_ABOUT_RETURN_TYPE = YES_ERROR;
				GCC_WARN_UNDECLARED_SELECTOR = YES;
				GCC_WARN_UNINITIALIZED_AUTOS = YES;
				GCC_WARN_UNUSED_FUNCTION = YES;
				GCC_WARN_UNUSED_VARIABLE = YES;
				IPHONEOS_DEPLOYMENT_TARGET = 7.0;
				ONLY_ACTIVE_ARCH = YES;
				SDKROOT = iphoneos;
			};
			name = Debug;
		};
		810FDE361894F8F800E82F35 /* Release */ = {
			isa = XCBuildConfiguration;
			buildSettings = {
				ALWAYS_SEARCH_USER_PATHS = NO;
				ARCHS = "$(ARCHS_STANDARD_INCLUDING_64_BIT)";
				CLANG_CXX_LANGUAGE_STANDARD = "gnu++0x";
				CLANG_CXX_LIBRARY = "libc++";
				CLANG_ENABLE_MODULES = YES;
				CLANG_ENABLE_OBJC_ARC = YES;
				CLANG_WARN_BOOL_CONVERSION = YES;
				CLANG_WARN_CONSTANT_CONVERSION = YES;
				CLANG_WARN_DIRECT_OBJC_ISA_USAGE = YES_ERROR;
				CLANG_WARN_EMPTY_BODY = YES;
				CLANG_WARN_ENUM_CONVERSION = YES;
				CLANG_WARN_INT_CONVERSION = YES;
				CLANG_WARN_OBJC_ROOT_CLASS = YES_ERROR;
				CLANG_WARN__DUPLICATE_METHOD_MATCH = YES;
				"CODE_SIGN_IDENTITY[sdk=iphoneos*]" = "iPhone Developer";
				COPY_PHASE_STRIP = YES;
				ENABLE_NS_ASSERTIONS = NO;
				GCC_C_LANGUAGE_STANDARD = gnu99;
				GCC_WARN_64_TO_32_BIT_CONVERSION = YES;
				GCC_WARN_ABOUT_RETURN_TYPE = YES_ERROR;
				GCC_WARN_UNDECLARED_SELECTOR = YES;
				GCC_WARN_UNINITIALIZED_AUTOS = YES;
				GCC_WARN_UNUSED_FUNCTION = YES;
				GCC_WARN_UNUSED_VARIABLE = YES;
				IPHONEOS_DEPLOYMENT_TARGET = 7.0;
				SDKROOT = iphoneos;
				VALIDATE_PRODUCT = YES;
			};
			name = Release;
		};
		810FDE381894F8F800E82F35 /* Debug */ = {
			isa = XCBuildConfiguration;
			buildSettings = {
				ASSETCATALOG_COMPILER_APPICON_NAME = AppIcon;
				ASSETCATALOG_COMPILER_LAUNCHIMAGE_NAME = LaunchImage;
				GCC_PRECOMPILE_PREFIX_HEADER = YES;
				GCC_PREFIX_HEADER = "FPBrandColorDemo/FPBrandColor-Prefix.pch";
				INFOPLIST_FILE = "$(SRCROOT)/FPBrandColorDemo/FPBrandColor-Info.plist";
				PRODUCT_NAME = "$(TARGET_NAME)";
				WRAPPER_EXTENSION = app;
			};
			name = Debug;
		};
		810FDE391894F8F800E82F35 /* Release */ = {
			isa = XCBuildConfiguration;
			buildSettings = {
				ASSETCATALOG_COMPILER_APPICON_NAME = AppIcon;
				ASSETCATALOG_COMPILER_LAUNCHIMAGE_NAME = LaunchImage;
				GCC_PRECOMPILE_PREFIX_HEADER = YES;
				GCC_PREFIX_HEADER = "FPBrandColorDemo/FPBrandColor-Prefix.pch";
				INFOPLIST_FILE = "$(SRCROOT)/FPBrandColorDemo/FPBrandColor-Info.plist";
				PRODUCT_NAME = "$(TARGET_NAME)";
				WRAPPER_EXTENSION = app;
			};
			name = Release;
		};
		810FDE3B1894F8F800E82F35 /* Debug */ = {
			isa = XCBuildConfiguration;
			buildSettings = {
				ARCHS = "$(ARCHS_STANDARD_INCLUDING_64_BIT)";
				BUNDLE_LOADER = "$(BUILT_PRODUCTS_DIR)/FPBrandColor.app/FPBrandColor";
				FRAMEWORK_SEARCH_PATHS = (
					"$(SDKROOT)/Developer/Library/Frameworks",
					"$(inherited)",
					"$(DEVELOPER_FRAMEWORKS_DIR)",
				);
				GCC_PRECOMPILE_PREFIX_HEADER = YES;
				GCC_PREFIX_HEADER = "FPBrandColor/FPBrandColor-Prefix.pch";
				GCC_PREPROCESSOR_DEFINITIONS = (
					"DEBUG=1",
					"$(inherited)",
				);
				INFOPLIST_FILE = "FPBrandColorTests/FPBrandColorTests-Info.plist";
				PRODUCT_NAME = "$(TARGET_NAME)";
				TEST_HOST = "$(BUNDLE_LOADER)";
				WRAPPER_EXTENSION = xctest;
			};
			name = Debug;
		};
		810FDE3C1894F8F800E82F35 /* Release */ = {
			isa = XCBuildConfiguration;
			buildSettings = {
				ARCHS = "$(ARCHS_STANDARD_INCLUDING_64_BIT)";
				BUNDLE_LOADER = "$(BUILT_PRODUCTS_DIR)/FPBrandColor.app/FPBrandColor";
				FRAMEWORK_SEARCH_PATHS = (
					"$(SDKROOT)/Developer/Library/Frameworks",
					"$(inherited)",
					"$(DEVELOPER_FRAMEWORKS_DIR)",
				);
				GCC_PRECOMPILE_PREFIX_HEADER = YES;
				GCC_PREFIX_HEADER = "FPBrandColor/FPBrandColor-Prefix.pch";
				INFOPLIST_FILE = "FPBrandColorTests/FPBrandColorTests-Info.plist";
				PRODUCT_NAME = "$(TARGET_NAME)";
				TEST_HOST = "$(BUNDLE_LOADER)";
				WRAPPER_EXTENSION = xctest;
			};
			name = Release;
		};
/* End XCBuildConfiguration section */

/* Begin XCConfigurationList section */
		810FDE001894F8F700E82F35 /* Build configuration list for PBXProject "FPBrandColor" */ = {
			isa = XCConfigurationList;
			buildConfigurations = (
				810FDE351894F8F800E82F35 /* Debug */,
				810FDE361894F8F800E82F35 /* Release */,
			);
			defaultConfigurationIsVisible = 0;
			defaultConfigurationName = Release;
		};
		810FDE371894F8F800E82F35 /* Build configuration list for PBXNativeTarget "FPBrandColor" */ = {
			isa = XCConfigurationList;
			buildConfigurations = (
				810FDE381894F8F800E82F35 /* Debug */,
				810FDE391894F8F800E82F35 /* Release */,
			);
			defaultConfigurationIsVisible = 0;
		};
		810FDE3A1894F8F800E82F35 /* Build configuration list for PBXNativeTarget "FPBrandColorTests" */ = {
			isa = XCConfigurationList;
			buildConfigurations = (
				810FDE3B1894F8F800E82F35 /* Debug */,
				810FDE3C1894F8F800E82F35 /* Release */,
			);
			defaultConfigurationIsVisible = 0;
		};
/* End XCConfigurationList section */
	};
	rootObject = 810FDDFD1894F8F700E82F35 /* Project object */;
}
